
Microsoft Visual Studio Solution File, Format Version 12.00
Project("{FAE04EC0-301F-11D3-BF4B-00C04F79EFBC}") = "Blink", "Blink\Blink.csproj", "{CC51FEB0-1A18-4323-945A-8552DED13283}"
EndProject
Global
	GlobalSection(SolutionConfigurationPlatforms) = preSolution
		Debug|Any CPU = Debug|Any CPU
		Release|Any CPU = Release|Any CPU
	EndGlobalSection
	GlobalSection(ProjectConfigurationPlatforms) = postSolution
		{CC51FEB0-1A18-4323-945A-8552DED13283}.Debug|Any CPU.ActiveCfg = Debug|Any CPU
		{CC51FEB0-1A18-4323-945A-8552DED13283}.Debug|Any CPU.Build.0 = Debug|Any CPU
		{CC51FEB0-1A18-4323-945A-8552DED13283}.Release|Any CPU.ActiveCfg = Release|Any CPU
		{CC51FEB0-1A18-4323-945A-8552DED13283}.Release|Any CPU.Build.0 = Release|Any CPU
	EndGlobalSection
EndGlobal
